{
  "requires": true,
  "lockfileVersion": 1,
  "dependencies": {
    "@sweetalert2/theme-bulma": {
      "version": "5.0.15",
      "resolved": "https://registry.npmjs.org/@sweetalert2/theme-bulma/-/theme-bulma-5.0.15.tgz",
      "integrity": "sha512-9Wnb0/tjjA16cTbKZMpqharB2m48eovE85fvdtL1RG0Z9rw26SIcQeGyHE2jHmAMrtuZx58CVDGNc45bkvjz+A=="
    },
    "@sweetalert2/theme-minimal": {
      "version": "5.0.15",
      "resolved": "https://registry.npmjs.org/@sweetalert2/theme-minimal/-/theme-minimal-5.0.15.tgz",
      "integrity": "sha512-W9jw5VHa4awm5n4ZMLPh9GE/eQGOpyPriyGnReKZnJO4mIfPIU4Ajt9UIwepYE/1++aZSkGc+Rwe7fIebWlC5w=="
    },
    "animate.css": {
      "version": "4.1.1",
      "resolved": "https://registry.npmjs.org/animate.css/-/animate.css-4.1.1.tgz",
      "integrity": "sha512-+mRmCTv6SbCmtYJCN4faJMNFVNN5EuCTTprDTAo7YzIGji2KADmakjVA3+8mVDkZ2Bf09vayB35lSQIex2+QaQ=="
    },
    "sweetalert2": {
      "version": "11.7.3",
      "resolved": "https://registry.npmjs.org/sweetalert2/-/sweetalert2-11.7.3.tgz",
      "integrity": "sha512-fUN/fyVSBZNtY4Rr/Qtxn7tNNnlRAbUhQxTQ9uOo0xVMIHBmqq4/9pau5N9dB2pvkB353XL/ywRAycscLoYU3w=="
    }
  }
}
